
Microsoft Visual Studio Solution File, Format Version 12.00
# Visual Studio Version 16
VisualStudioVersion = 16.0.31005.135
MinimumVisualStudioVersion = 10.0.40219.1
Project("{FAE04EC0-301F-11D3-BF4B-00C04F79EFBC}") = "MvcProjeKampi", "MvcProje\MvcProjeKampi.csproj", "{7F11FE74-0048-4FD8-AB2E-08A745B5C1FA}"
EndProject
Project("{FAE04EC0-301F-11D3-BF4B-00C04F79EFBC}") = "EntityLayer", "EntityLayer\EntityLayer.csproj", "{EB9CECC5-D1B4-4139-95DA-94F856441DCF}"
EndProject
Project("{FAE04EC0-301F-11D3-BF4B-00C04F79EFBC}") = "DataAccessLayer", "DataAccessLayer\DataAccessLayer.csproj", "{10D77627-C027-4B6C-9942-48222032DBD1}"
EndProject
Project("{FAE04EC0-301F-11D3-BF4B-00C04F79EFBC}") = "BusinessLayer", "BusinessLayer\BusinessLayer.csproj", "{062969FB-C9DD-4F2B-97FE-B225A24BAD77}"
EndProject
Global
	GlobalSection(SolutionConfigurationPlatforms) = preSolution
		Debug|Any CPU = Debug|Any CPU
		Release|Any CPU = Release|Any CPU
	EndGlobalSection
	GlobalSection(ProjectConfigurationPlatforms) = postSolution
		{7F11FE74-0048-4FD8-AB2E-08A745B5C1FA}.Debug|Any CPU.ActiveCfg = Debug|Any CPU
		{7F11FE74-0048-4FD8-AB2E-08A745B5C1FA}.Debug|Any CPU.Build.0 = Debug|Any CPU
		{7F11FE74-0048-4FD8-AB2E-08A745B5C1FA}.Release|Any CPU.ActiveCfg = Release|Any CPU
		{7F11FE74-0048-4FD8-AB2E-08A745B5C1FA}.Release|Any CPU.Build.0 = Release|Any CPU
		{EB9CECC5-D1B4-4139-95DA-94F856441DCF}.Debug|Any CPU.ActiveCfg = Debug|Any CPU
		{EB9CECC5-D1B4-4139-95DA-94F856441DCF}.Debug|Any CPU.Build.0 = Debug|Any CPU
		{EB9CECC5-D1B4-4139-95DA-94F856441DCF}.Release|Any CPU.ActiveCfg = Release|Any CPU
		{EB9CECC5-D1B4-4139-95DA-94F856441DCF}.Release|Any CPU.Build.0 = Release|Any CPU
		{10D77627-C027-4B6C-9942-48222032DBD1}.Debug|Any CPU.ActiveCfg = Debug|Any CPU
		{10D77627-C027-4B6C-9942-48222032DBD1}.Debug|Any CPU.Build.0 = Debug|Any CPU
		{10D77627-C027-4B6C-9942-48222032DBD1}.Release|Any CPU.ActiveCfg = Release|Any CPU
		{10D77627-C027-4B6C-9942-48222032DBD1}.Release|Any CPU.Build.0 = Release|Any CPU
		{062969FB-C9DD-4F2B-97FE-B225A24BAD77}.Debug|Any CPU.ActiveCfg = Debug|Any CPU
		{062969FB-C9DD-4F2B-97FE-B225A24BAD77}.Debug|Any CPU.Build.0 = Debug|Any CPU
		{062969FB-C9DD-4F2B-97FE-B225A24BAD77}.Release|Any CPU.ActiveCfg = Release|Any CPU
		{062969FB-C9DD-4F2B-97FE-B225A24BAD77}.Release|Any CPU.Build.0 = Release|Any CPU
	EndGlobalSection
	GlobalSection(SolutionProperties) = preSolution
		HideSolutionNode = FALSE
	EndGlobalSection
	GlobalSection(ExtensibilityGlobals) = postSolution
		SolutionGuid = {1F084262-1500-4B97-A959-EDF8BFB70CFC}
	EndGlobalSection
EndGlobal
